
Microsoft Visual Studio Solution File, Format Version 12.00
# Visual Studio Version 16
VisualStudioVersion = 16.0.31205.134
MinimumVisualStudioVersion = 10.0.40219.1
Project("{FAE04EC0-301F-11D3-BF4B-00C04F79EFBC}") = "SnakeLadderGame", "SnakeLadderGame.csproj", "{54515155-E4FB-44B5-8718-E738AE114D8A}"
EndProject
Global
	GlobalSection(SolutionConfigurationPlatforms) = preSolution
		Debug|Any CPU = Debug|Any CPU
		Release|Any CPU = Release|Any CPU
	EndGlobalSection
	GlobalSection(ProjectConfigurationPlatforms) = postSolution
		{54515155-E4FB-44B5-8718-E738AE114D8A}.Debug|Any CPU.ActiveCfg = Debug|Any CPU
		{54515155-E4FB-44B5-8718-E738AE114D8A}.Debug|Any CPU.Build.0 = Debug|Any CPU
		{54515155-E4FB-44B5-8718-E738AE114D8A}.Release|Any CPU.ActiveCfg = Release|Any CPU
		{54515155-E4FB-44B5-8718-E738AE114D8A}.Release|Any CPU.Build.0 = Release|Any CPU
	EndGlobalSection
	GlobalSection(SolutionProperties) = preSolution
		HideSolutionNode = FALSE
	EndGlobalSection
	GlobalSection(ExtensibilityGlobals) = postSolution
		SolutionGuid = {E3EC7953-617E-4EEB-86B3-88A1B7254C8D}
	EndGlobalSection
EndGlobal
